
Microsoft Visual Studio Solution File, Format Version 12.00
# Visual Studio 2010
Project("{FAE04EC0-301F-11D3-BF4B-00C04F79EFBC}") = "chocolatey.console", "chocolatey.console\chocolatey.console.csproj", "{E24E3386-244F-4404-9E6E-5B53818EA903}"
EndProject
Project("{FAE04EC0-301F-11D3-BF4B-00C04F79EFBC}") = "chocolatey.tests", "chocolatey.tests\chocolatey.tests.csproj", "{5C4C60F0-47B1-498E-ABF7-D315E1A94BC9}"
EndProject
Project("{2150E333-8FDC-42A3-9474-1A3956D46DE8}") = "tests", "tests", "{7656D054-387D-409C-A9FB-62A44599AA77}"
EndProject
Project("{FAE04EC0-301F-11D3-BF4B-00C04F79EFBC}") = "chocolatey", "chocolatey\chocolatey.csproj", "{5563DC61-35FD-4FAB-B331-9AE1FDB23F80}"
EndProject
Project("{FAE04EC0-301F-11D3-BF4B-00C04F79EFBC}") = "chocolatey.resources", "chocolatey.resources\chocolatey.resources.csproj", "{AF584111-FE32-448D-A1D0-63217AF8B43C}"
EndProject
Project("{FAE04EC0-301F-11D3-BF4B-00C04F79EFBC}") = "chocolatey.tests.integration", "chocolatey.tests.integration\chocolatey.tests.integration.csproj", "{12ECAD4F-D463-4D72-A792-A4FCCFE9C456}"
EndProject
Project("{2150E333-8FDC-42A3-9474-1A3956D46DE8}") = ".nuget", ".nuget", "{7A36F8E0-B170-4A51-A788-F1246513808A}"
	ProjectSection(SolutionItems) = preProject
		.nuget\packages.config = .nuget\packages.config
	EndProjectSection
EndProject
Project("{2150E333-8FDC-42A3-9474-1A3956D46DE8}") = "nuget", "nuget", "{FB6236DD-17EF-4C36-943C-47792FBC3306}"
EndProject
Project("{2150E333-8FDC-42A3-9474-1A3956D46DE8}") = "chocolatey", "chocolatey", "{DAB29F30-149D-4005-A8D2-4FA56CF2784D}"
	ProjectSection(SolutionItems) = preProject
		..\nuget\chocolatey\chocolatey.nuspec = ..\nuget\chocolatey\chocolatey.nuspec
	EndProjectSection
EndProject
Project("{2150E333-8FDC-42A3-9474-1A3956D46DE8}") = "tools", "tools", "{E5C987F8-6B95-4835-BBDD-A25C9D370BB9}"
	ProjectSection(SolutionItems) = preProject
		..\nuget\chocolatey\tools\chocolateyInstall.ps1 = ..\nuget\chocolatey\tools\chocolateyInstall.ps1
		..\nuget\chocolatey\tools\chocolateysetup.psm1 = ..\nuget\chocolatey\tools\chocolateysetup.psm1
		..\nuget\chocolatey\tools\init.ps1 = ..\nuget\chocolatey\tools\init.ps1
	EndProjectSection
EndProject
Project("{2150E333-8FDC-42A3-9474-1A3956D46DE8}") = "chocolatey.lib", "chocolatey.lib", "{DD9689F3-1D2D-41AE-A672-063EE70C0C9A}"
	ProjectSection(SolutionItems) = preProject
		..\nuget\chocolatey.lib\chocolatey.lib.nuspec = ..\nuget\chocolatey.lib\chocolatey.lib.nuspec
	EndProjectSection
EndProject
Project("{2150E333-8FDC-42A3-9474-1A3956D46DE8}") = "toplevel", "toplevel", "{18FEFF9F-7352-4230-8B4E-E8D8BE976095}"
	ProjectSection(SolutionItems) = preProject
		..\CHANGELOG.md = ..\CHANGELOG.md
		..\CONTRIBUTING.md = ..\CONTRIBUTING.md
		..\README.md = ..\README.md
	EndProjectSection
EndProject
Global
	GlobalSection(SolutionConfigurationPlatforms) = preSolution
		Debug|Any CPU = Debug|Any CPU
		Debug|Mixed Platforms = Debug|Mixed Platforms
		Debug|x86 = Debug|x86
		NoResources|Any CPU = NoResources|Any CPU
		NoResources|Mixed Platforms = NoResources|Mixed Platforms
		NoResources|x86 = NoResources|x86
		Release|Any CPU = Release|Any CPU
		Release|Mixed Platforms = Release|Mixed Platforms
		Release|x86 = Release|x86
	EndGlobalSection
	GlobalSection(ProjectConfigurationPlatforms) = postSolution
		{E24E3386-244F-4404-9E6E-5B53818EA903}.Debug|Any CPU.ActiveCfg = Debug|Any CPU
		{E24E3386-244F-4404-9E6E-5B53818EA903}.Debug|Any CPU.Build.0 = Debug|Any CPU
		{E24E3386-244F-4404-9E6E-5B53818EA903}.Debug|Mixed Platforms.ActiveCfg = Debug|Any CPU
		{E24E3386-244F-4404-9E6E-5B53818EA903}.Debug|Mixed Platforms.Build.0 = Debug|Any CPU
		{E24E3386-244F-4404-9E6E-5B53818EA903}.Debug|x86.ActiveCfg = Debug|x86
		{E24E3386-244F-4404-9E6E-5B53818EA903}.Debug|x86.Build.0 = Debug|x86
		{E24E3386-244F-4404-9E6E-5B53818EA903}.NoResources|Any CPU.ActiveCfg = NoResources|Any CPU
		{E24E3386-244F-4404-9E6E-5B53818EA903}.NoResources|Mixed Platforms.ActiveCfg = NoResources|x86
		{E24E3386-244F-4404-9E6E-5B53818EA903}.NoResources|x86.ActiveCfg = NoResources|x86
		{E24E3386-244F-4404-9E6E-5B53818EA903}.Release|Any CPU.ActiveCfg = Release|Any CPU
		{E24E3386-244F-4404-9E6E-5B53818EA903}.Release|Any CPU.Build.0 = Release|Any CPU
		{E24E3386-244F-4404-9E6E-5B53818EA903}.Release|Mixed Platforms.ActiveCfg = Release|Any CPU
		{E24E3386-244F-4404-9E6E-5B53818EA903}.Release|Mixed Platforms.Build.0 = Release|Any CPU
		{E24E3386-244F-4404-9E6E-5B53818EA903}.Release|x86.ActiveCfg = Release|x86
		{E24E3386-244F-4404-9E6E-5B53818EA903}.Release|x86.Build.0 = Release|x86
		{5C4C60F0-47B1-498E-ABF7-D315E1A94BC9}.Debug|Any CPU.ActiveCfg = Debug|Any CPU
		{5C4C60F0-47B1-498E-ABF7-D315E1A94BC9}.Debug|Any CPU.Build.0 = Debug|Any CPU
		{5C4C60F0-47B1-498E-ABF7-D315E1A94BC9}.Debug|Mixed Platforms.ActiveCfg = Debug|Any CPU
		{5C4C60F0-47B1-498E-ABF7-D315E1A94BC9}.Debug|Mixed Platforms.Build.0 = Debug|Any CPU
		{5C4C60F0-47B1-498E-ABF7-D315E1A94BC9}.Debug|x86.ActiveCfg = Debug|Any CPU
		{5C4C60F0-47B1-498E-ABF7-D315E1A94BC9}.NoResources|Any CPU.ActiveCfg = NoResources|Any CPU
		{5C4C60F0-47B1-498E-ABF7-D315E1A94BC9}.NoResources|Mixed Platforms.ActiveCfg = NoResources|Any CPU
		{5C4C60F0-47B1-498E-ABF7-D315E1A94BC9}.NoResources|x86.ActiveCfg = NoResources|Any CPU
		{5C4C60F0-47B1-498E-ABF7-D315E1A94BC9}.Release|Any CPU.ActiveCfg = Release|Any CPU
		{5C4C60F0-47B1-498E-ABF7-D315E1A94BC9}.Release|Any CPU.Build.0 = Release|Any CPU
		{5C4C60F0-47B1-498E-ABF7-D315E1A94BC9}.Release|Mixed Platforms.ActiveCfg = Release|Any CPU
		{5C4C60F0-47B1-498E-ABF7-D315E1A94BC9}.Release|Mixed Platforms.Build.0 = Release|Any CPU
		{5C4C60F0-47B1-498E-ABF7-D315E1A94BC9}.Release|x86.ActiveCfg = Release|Any CPU
		{5563DC61-35FD-4FAB-B331-9AE1FDB23F80}.Debug|Any CPU.ActiveCfg = Debug|Any CPU
		{5563DC61-35FD-4FAB-B331-9AE1FDB23F80}.Debug|Any CPU.Build.0 = Debug|Any CPU
		{5563DC61-35FD-4FAB-B331-9AE1FDB23F80}.Debug|Mixed Platforms.ActiveCfg = Debug|Any CPU
		{5563DC61-35FD-4FAB-B331-9AE1FDB23F80}.Debug|Mixed Platforms.Build.0 = Debug|Any CPU
		{5563DC61-35FD-4FAB-B331-9AE1FDB23F80}.Debug|x86.ActiveCfg = Debug|Any CPU
		{5563DC61-35FD-4FAB-B331-9AE1FDB23F80}.NoResources|Any CPU.ActiveCfg = NoResources|Any CPU
		{5563DC61-35FD-4FAB-B331-9AE1FDB23F80}.NoResources|Any CPU.Build.0 = NoResources|Any CPU
		{5563DC61-35FD-4FAB-B331-9AE1FDB23F80}.NoResources|Mixed Platforms.ActiveCfg = NoResources|Any CPU
		{5563DC61-35FD-4FAB-B331-9AE1FDB23F80}.NoResources|Mixed Platforms.Build.0 = NoResources|Any CPU
		{5563DC61-35FD-4FAB-B331-9AE1FDB23F80}.NoResources|x86.ActiveCfg = NoResources|Any CPU
		{5563DC61-35FD-4FAB-B331-9AE1FDB23F80}.NoResources|x86.Build.0 = NoResources|Any CPU
		{5563DC61-35FD-4FAB-B331-9AE1FDB23F80}.Release|Any CPU.ActiveCfg = Release|Any CPU
		{5563DC61-35FD-4FAB-B331-9AE1FDB23F80}.Release|Any CPU.Build.0 = Release|Any CPU
		{5563DC61-35FD-4FAB-B331-9AE1FDB23F80}.Release|Mixed Platforms.ActiveCfg = Release|Any CPU
		{5563DC61-35FD-4FAB-B331-9AE1FDB23F80}.Release|Mixed Platforms.Build.0 = Release|Any CPU
		{5563DC61-35FD-4FAB-B331-9AE1FDB23F80}.Release|x86.ActiveCfg = Release|Any CPU
		{AF584111-FE32-448D-A1D0-63217AF8B43C}.Debug|Any CPU.ActiveCfg = Debug|Any CPU
		{AF584111-FE32-448D-A1D0-63217AF8B43C}.Debug|Any CPU.Build.0 = Debug|Any CPU
		{AF584111-FE32-448D-A1D0-63217AF8B43C}.Debug|Mixed Platforms.ActiveCfg = Debug|Any CPU
		{AF584111-FE32-448D-A1D0-63217AF8B43C}.Debug|Mixed Platforms.Build.0 = Debug|Any CPU
		{AF584111-FE32-448D-A1D0-63217AF8B43C}.Debug|x86.ActiveCfg = Debug|Any CPU
		{AF584111-FE32-448D-A1D0-63217AF8B43C}.NoResources|Any CPU.ActiveCfg = NoResources|Any CPU
		{AF584111-FE32-448D-A1D0-63217AF8B43C}.NoResources|Mixed Platforms.ActiveCfg = NoResources|Any CPU
		{AF584111-FE32-448D-A1D0-63217AF8B43C}.NoResources|x86.ActiveCfg = NoResources|Any CPU
		{AF584111-FE32-448D-A1D0-63217AF8B43C}.Release|Any CPU.ActiveCfg = Release|Any CPU
		{AF584111-FE32-448D-A1D0-63217AF8B43C}.Release|Any CPU.Build.0 = Release|Any CPU
		{AF584111-FE32-448D-A1D0-63217AF8B43C}.Release|Mixed Platforms.ActiveCfg = Release|Any CPU
		{AF584111-FE32-448D-A1D0-63217AF8B43C}.Release|Mixed Platforms.Build.0 = Release|Any CPU
		{AF584111-FE32-448D-A1D0-63217AF8B43C}.Release|x86.ActiveCfg = Release|Any CPU
		{12ECAD4F-D463-4D72-A792-A4FCCFE9C456}.Debug|Any CPU.ActiveCfg = Debug|Any CPU
		{12ECAD4F-D463-4D72-A792-A4FCCFE9C456}.Debug|Any CPU.Build.0 = Debug|Any CPU
		{12ECAD4F-D463-4D72-A792-A4FCCFE9C456}.Debug|Mixed Platforms.ActiveCfg = Debug|Any CPU
		{12ECAD4F-D463-4D72-A792-A4FCCFE9C456}.Debug|Mixed Platforms.Build.0 = Debug|Any CPU
		{12ECAD4F-D463-4D72-A792-A4FCCFE9C456}.Debug|x86.ActiveCfg = Debug|Any CPU
		{12ECAD4F-D463-4D72-A792-A4FCCFE9C456}.NoResources|Any CPU.ActiveCfg = NoResources|Any CPU
		{12ECAD4F-D463-4D72-A792-A4FCCFE9C456}.NoResources|Mixed Platforms.ActiveCfg = NoResources|Any CPU
		{12ECAD4F-D463-4D72-A792-A4FCCFE9C456}.NoResources|x86.ActiveCfg = NoResources|Any CPU
		{12ECAD4F-D463-4D72-A792-A4FCCFE9C456}.Release|Any CPU.ActiveCfg = Release|Any CPU
		{12ECAD4F-D463-4D72-A792-A4FCCFE9C456}.Release|Any CPU.Build.0 = Release|Any CPU
		{12ECAD4F-D463-4D72-A792-A4FCCFE9C456}.Release|Mixed Platforms.ActiveCfg = Release|Any CPU
		{12ECAD4F-D463-4D72-A792-A4FCCFE9C456}.Release|Mixed Platforms.Build.0 = Release|Any CPU
		{12ECAD4F-D463-4D72-A792-A4FCCFE9C456}.Release|x86.ActiveCfg = Release|Any CPU
	EndGlobalSection
	GlobalSection(SolutionProperties) = preSolution
		HideSolutionNode = FALSE
	EndGlobalSection
	GlobalSection(NestedProjects) = preSolution
		{5C4C60F0-47B1-498E-ABF7-D315E1A94BC9} = {7656D054-387D-409C-A9FB-62A44599AA77}
		{12ECAD4F-D463-4D72-A792-A4FCCFE9C456} = {7656D054-387D-409C-A9FB-62A44599AA77}
		{DAB29F30-149D-4005-A8D2-4FA56CF2784D} = {FB6236DD-17EF-4C36-943C-47792FBC3306}
		{DD9689F3-1D2D-41AE-A672-063EE70C0C9A} = {FB6236DD-17EF-4C36-943C-47792FBC3306}
		{E5C987F8-6B95-4835-BBDD-A25C9D370BB9} = {DAB29F30-149D-4005-A8D2-4FA56CF2784D}
	EndGlobalSection
	GlobalSection(ExtensibilityGlobals) = postSolution
		SolutionGuid = {998CAC46-A2B8-447C-B4CC-3B11DC35ED46}
	EndGlobalSection
EndGlobal
